
Microsoft Visual Studio Solution File, Format Version 12.00
# Visual Studio Version 17
VisualStudioVersion = 17.3.32825.248
MinimumVisualStudioVersion = 10.0.40219.1
Project("{FAE04EC0-301F-11D3-BF4B-00C04F79EFBC}") = "Hangman", "Hangman\Hangman.csproj", "{0F555527-27F8-4EC3-86D5-218836E97BAD}"
EndProject
Global
	GlobalSection(SolutionConfigurationPlatforms) = preSolution
		Debug|Any CPU = Debug|Any CPU
		Release|Any CPU = Release|Any CPU
	EndGlobalSection
	GlobalSection(ProjectConfigurationPlatforms) = postSolution
		{0F555527-27F8-4EC3-86D5-218836E97BAD}.Debug|Any CPU.ActiveCfg = Debug|Any CPU
		{0F555527-27F8-4EC3-86D5-218836E97BAD}.Debug|Any CPU.Build.0 = Debug|Any CPU
		{0F555527-27F8-4EC3-86D5-218836E97BAD}.Release|Any CPU.ActiveCfg = Release|Any CPU
		{0F555527-27F8-4EC3-86D5-218836E97BAD}.Release|Any CPU.Build.0 = Release|Any CPU
	EndGlobalSection
	GlobalSection(SolutionProperties) = preSolution
		HideSolutionNode = FALSE
	EndGlobalSection
	GlobalSection(ExtensibilityGlobals) = postSolution
		SolutionGuid = {82F424C7-91DE-4614-AF06-3A96BCB3E75D}
	EndGlobalSection
EndGlobal
